
Microsoft Visual Studio Solution File, Format Version 12.00
# Visual Studio Version 16
VisualStudioVersion = 16.0.810.21
MinimumVisualStudioVersion = 10.0.40219.1
Project("{FAE04EC0-301F-11D3-BF4B-00C04F79EFBC}") = "CH06", "CH06\CH06.csproj", "{60BCE49A-1271-47D8-A276-483D168C803E}"
EndProject
Global
	GlobalSection(SolutionConfigurationPlatforms) = preSolution
		Debug|Any CPU = Debug|Any CPU
		Release|Any CPU = Release|Any CPU
	EndGlobalSection
	GlobalSection(ProjectConfigurationPlatforms) = postSolution
		{60BCE49A-1271-47D8-A276-483D168C803E}.Debug|Any CPU.ActiveCfg = Debug|Any CPU
		{60BCE49A-1271-47D8-A276-483D168C803E}.Debug|Any CPU.Build.0 = Debug|Any CPU
		{60BCE49A-1271-47D8-A276-483D168C803E}.Release|Any CPU.ActiveCfg = Release|Any CPU
		{60BCE49A-1271-47D8-A276-483D168C803E}.Release|Any CPU.Build.0 = Release|Any CPU
	EndGlobalSection
	GlobalSection(SolutionProperties) = preSolution
		HideSolutionNode = FALSE
	EndGlobalSection
	GlobalSection(ExtensibilityGlobals) = postSolution
		SolutionGuid = {FCE31840-EE2E-4A63-8540-B86078B6CCE5}
	EndGlobalSection
EndGlobal
